// !$*UTF8*$!
{
	archiveVersion = 1;
	classes = {
	};
	objectVersion = 46;
	objects = {

/* Begin PBXBuildFile section */
		37CEE0F24DE64322E86A99AC /* Pods_totamoinstagram.framework in Frameworks */ = {isa = PBXBuildFile; fileRef = 77ADA8C2C8A3DFCB48D4D8B8 /* Pods_totamoinstagram.framework */; };
		4297D4181C8234060082525B /* AppDelegate.swift in Sources */ = {isa = PBXBuildFile; fileRef = 4297D4171C8234060082525B /* AppDelegate.swift */; };
		4297D41A1C8234060082525B /* ViewController.swift in Sources */ = {isa = PBXBuildFile; fileRef = 4297D4191C8234060082525B /* ViewController.swift */; };
		4297D41D1C8234060082525B /* Main.storyboard in Resources */ = {isa = PBXBuildFile; fileRef = 4297D41B1C8234060082525B /* Main.storyboard */; };
		4297D41F1C8234060082525B /* Assets.xcassets in Resources */ = {isa = PBXBuildFile; fileRef = 4297D41E1C8234060082525B /* Assets.xcassets */; };
		4297D4221C8234060082525B /* LaunchScreen.storyboard in Resources */ = {isa = PBXBuildFile; fileRef = 4297D4201C8234060082525B /* LaunchScreen.storyboard */; };
		4297D42D1C8234070082525B /* totamoinstagramTests.swift in Sources */ = {isa = PBXBuildFile; fileRef = 4297D42C1C8234070082525B /* totamoinstagramTests.swift */; };
		4297D4381C8234070082525B /* totamoinstagramUITests.swift in Sources */ = {isa = PBXBuildFile; fileRef = 4297D4371C8234070082525B /* totamoinstagramUITests.swift */; };
		4297D4461C823ACA0082525B /* LoginViewController.swift in Sources */ = {isa = PBXBuildFile; fileRef = 4297D4451C823ACA0082525B /* LoginViewController.swift */; };
		4297D4481C824EC20082525B /* CaptureViewController.swift in Sources */ = {isa = PBXBuildFile; fileRef = 4297D4471C824EC20082525B /* CaptureViewController.swift */; };
		4297D44A1C82AB400082525B /* UserMedia.swift in Sources */ = {isa = PBXBuildFile; fileRef = 4297D4491C82AB400082525B /* UserMedia.swift */; };
		4297D44C1C82BC960082525B /* HomeViewController.swift in Sources */ = {isa = PBXBuildFile; fileRef = 4297D44B1C82BC960082525B /* HomeViewController.swift */; };
		4297D44E1C82BEF80082525B /* PhotoCell.swift in Sources */ = {isa = PBXBuildFile; fileRef = 4297D44D1C82BEF80082525B /* PhotoCell.swift */; };
		4297D4501C83A8D10082525B /* AccountViewController.swift in Sources */ = {isa = PBXBuildFile; fileRef = 4297D44F1C83A8D10082525B /* AccountViewController.swift */; };
/* End PBXBuildFile section */

/* Begin PBXContainerItemProxy section */
		4297D4291C8234070082525B /* PBXContainerItemProxy */ = {
			isa = PBXContainerItemProxy;
			containerPortal = 4297D40C1C8234060082525B /* Project object */;
			proxyType = 1;
			remoteGlobalIDString = 4297D4131C8234060082525B;
			remoteInfo = totamoinstagram;
		};
		4297D4341C8234070082525B /* PBXContainerItemProxy */ = {
			isa = PBXContainerItemProxy;
			containerPortal = 4297D40C1C8234060082525B /* Project object */;
			proxyType = 1;
			remoteGlobalIDString = 4297D4131C8234060082525B;
			remoteInfo = totamoinstagram;
		};
/* End PBXContainerItemProxy section */

/* Begin PBXFileReference section */
		064ACA0203D200F40EB594E6 /* Pods-totamoinstagram.debug.xcconfig */ = {isa = PBXFileReference; includeInIndex = 1; lastKnownFileType = text.xcconfig; name = "Pods-totamoinstagram.debug.xcconfig"; path = "Pods/Target Support Files/Pods-totamoinstagram/Pods-totamoinstagram.debug.xcconfig"; sourceTree = "<group>"; };
		17658845A852B654A08A1829 /* Pods-totamoinstagram.release.xcconfig */ = {isa = PBXFileReference; includeInIndex = 1; lastKnownFileType = text.xcconfig; name = "Pods-totamoinstagram.release.xcconfig"; path = "Pods/Target Support Files/Pods-totamoinstagram/Pods-totamoinstagram.release.xcconfig"; sourceTree = "<group>"; };
		4297D4141C8234060082525B /* totamoinstagram.app */ = {isa = PBXFileReference; explicitFileType = wrapper.application; includeInIndex = 0; path = totamoinstagram.app; sourceTree = BUILT_PRODUCTS_DIR; };
		4297D4171C8234060082525B /* AppDelegate.swift */ = {isa = PBXFileReference; lastKnownFileType = sourcecode.swift; path = AppDelegate.swift; sourceTree = "<group>"; };
		4297D4191C8234060082525B /* ViewController.swift */ = {isa = PBXFileReference; lastKnownFileType = sourcecode.swift; path = ViewController.swift; sourceTree = "<group>"; };
		4297D41C1C8234060082525B /* Base */ = {isa = PBXFileReference; lastKnownFileType = file.storyboard; name = Base; path = Base.lproj/Main.storyboard; sourceTree = "<group>"; };
		4297D41E1C8234060082525B /* Assets.xcassets */ = {isa = PBXFileReference; lastKnownFileType = folder.assetcatalog; path = Assets.xcassets; sourceTree = "<group>"; };
		4297D4211C8234060082525B /* Base */ = {isa = PBXFileReference; lastKnownFileType = file.storyboard; name = Base; path = Base.lproj/LaunchScreen.storyboard; sourceTree = "<group>"; };
		4297D4231C8234060082525B /* Info.plist */ = {isa = PBXFileReference; lastKnownFileType = text.plist.xml; path = Info.plist; sourceTree = "<group>"; };
		4297D4281C8234070082525B /* totamoinstagramTests.xctest */ = {isa = PBXFileReference; explicitFileType = wrapper.cfbundle; includeInIndex = 0; path = totamoinstagramTests.xctest; sourceTree = BUILT_PRODUCTS_DIR; };
		4297D42C1C8234070082525B /* totamoinstagramTests.swift */ = {isa = PBXFileReference; lastKnownFileType = sourcecode.swift; path = totamoinstagramTests.swift; sourceTree = "<group>"; };
		4297D42E1C8234070082525B /* Info.plist */ = {isa = PBXFileReference; lastKnownFileType = text.plist.xml; path = Info.plist; sourceTree = "<group>"; };
		4297D4331C8234070082525B /* totamoinstagramUITests.xctest */ = {isa = PBXFileReference; explicitFileType = wrapper.cfbundle; includeInIndex = 0; path = totamoinstagramUITests.xctest; sourceTree = BUILT_PRODUCTS_DIR; };
		4297D4371C8234070082525B /* totamoinstagramUITests.swift */ = {isa = PBXFileReference; lastKnownFileType = sourcecode.swift; path = totamoinstagramUITests.swift; sourceTree = "<group>"; };
		4297D4391C8234070082525B /* Info.plist */ = {isa = PBXFileReference; lastKnownFileType = text.plist.xml; path = Info.plist; sourceTree = "<group>"; };
		4297D4451C823ACA0082525B /* LoginViewController.swift */ = {isa = PBXFileReference; fileEncoding = 4; lastKnownFileType = sourcecode.swift; path = LoginViewController.swift; sourceTree = "<group>"; };
		4297D4471C824EC20082525B /* CaptureViewController.swift */ = {isa = PBXFileReference; fileEncoding = 4; lastKnownFileType = sourcecode.swift; path = CaptureViewController.swift; sourceTree = "<group>"; };
		4297D4491C82AB400082525B /* UserMedia.swift */ = {isa = PBXFileReference; fileEncoding = 4; lastKnownFileType = sourcecode.swift; path = UserMedia.swift; sourceTree = "<group>"; };
		4297D44B1C82BC960082525B /* HomeViewController.swift */ = {isa = PBXFileReference; fileEncoding = 4; lastKnownFileType = sourcecode.swift; path = HomeViewController.swift; sourceTree = "<group>"; };
		4297D44D1C82BEF80082525B /* PhotoCell.swift */ = {isa = PBXFileReference; fileEncoding = 4; lastKnownFileType = sourcecode.swift; path = PhotoCell.swift; sourceTree = "<group>"; };
		4297D44F1C83A8D10082525B /* AccountViewController.swift */ = {isa = PBXFileReference; fileEncoding = 4; lastKnownFileType = sourcecode.swift; path = AccountViewController.swift; sourceTree = "<group>"; };
		77ADA8C2C8A3DFCB48D4D8B8 /* Pods_totamoinstagram.framework */ = {isa = PBXFileReference; explicitFileType = wrapper.framework; includeInIndex = 0; path = Pods_totamoinstagram.framework; sourceTree = BUILT_PRODUCTS_DIR; };
/* End PBXFileReference section */

/* Begin PBXFrameworksBuildPhase section */
		4297D4111C8234060082525B /* Frameworks */ = {
			isa = PBXFrameworksBuildPhase;
			buildActionMask = 2147483647;
			files = (
				37CEE0F24DE64322E86A99AC /* Pods_totamoinstagram.framework in Frameworks */,
			);
			runOnlyForDeploymentPostprocessing = 0;
		};
		4297D4251C8234070082525B /* Frameworks */ = {
			isa = PBXFrameworksBuildPhase;
			buildActionMask = 2147483647;
			files = (
			);
			runOnlyForDeploymentPostprocessing = 0;
		};
		4297D4301C8234070082525B /* Frameworks */ = {
			isa = PBXFrameworksBuildPhase;
			buildActionMask = 2147483647;
			files = (
			);
			runOnlyForDeploymentPostprocessing = 0;
		};
/* End PBXFrameworksBuildPhase section */

/* Begin PBXGroup section */
		26A3E5E91ACD4BB8E412D29C /* Pods */ = {
			isa = PBXGroup;
			children = (
				064ACA0203D200F40EB594E6 /* Pods-totamoinstagram.debug.xcconfig */,
				17658845A852B654A08A1829 /* Pods-totamoinstagram.release.xcconfig */,
			);
			name = Pods;
			sourceTree = "<group>";
		};
		4297D40B1C8234060082525B = {
			isa = PBXGroup;
			children = (
				4297D4161C8234060082525B /* totamoinstagram */,
				4297D42B1C8234070082525B /* totamoinstagramTests */,
				4297D4361C8234070082525B /* totamoinstagramUITests */,
				4297D4151C8234060082525B /* Products */,
				26A3E5E91ACD4BB8E412D29C /* Pods */,
				F73C48EF0D79B72B01B50306 /* Frameworks */,
			);
			sourceTree = "<group>";
		};
		4297D4151C8234060082525B /* Products */ = {
			isa = PBXGroup;
			children = (
				4297D4141C8234060082525B /* totamoinstagram.app */,
				4297D4281C8234070082525B /* totamoinstagramTests.xctest */,
				4297D4331C8234070082525B /* totamoinstagramUITests.xctest */,
			);
			name = Products;
			sourceTree = "<group>";
		};
		4297D4161C8234060082525B /* totamoinstagram */ = {
			isa = PBXGroup;
			children = (
				4297D4171C8234060082525B /* AppDelegate.swift */,
				4297D4191C8234060082525B /* ViewController.swift */,
				4297D41B1C8234060082525B /* Main.storyboard */,
				4297D41E1C8234060082525B /* Assets.xcassets */,
				4297D4201C8234060082525B /* LaunchScreen.storyboard */,
				4297D4231C8234060082525B /* Info.plist */,
				4297D4451C823ACA0082525B /* LoginViewController.swift */,
				4297D4471C824EC20082525B /* CaptureViewController.swift */,
				4297D4491C82AB400082525B /* UserMedia.swift */,
				4297D44B1C82BC960082525B /* HomeViewController.swift */,
				4297D44D1C82BEF80082525B /* PhotoCell.swift */,
				4297D44F1C83A8D10082525B /* AccountViewController.swift */,
			);
			path = totamoinstagram;
			sourceTree = "<group>";
		};
		4297D42B1C8234070082525B /* totamoinstagramTests */ = {
			isa = PBXGroup;
			children = (
				4297D42C1C8234070082525B /* totamoinstagramTests.swift */,
				4297D42E1C8234070082525B /* Info.plist */,
			);
			path = totamoinstagramTests;
			sourceTree = "<group>";
		};
		4297D4361C8234070082525B /* totamoinstagramUITests */ = {
			isa = PBXGroup;
			children = (
				4297D4371C8234070082525B /* totamoinstagramUITests.swift */,
				4297D4391C8234070082525B /* Info.plist */,
			);
			path = totamoinstagramUITests;
			sourceTree = "<group>";
		};
		F73C48EF0D79B72B01B50306 /* Frameworks */ = {
			isa = PBXGroup;
			children = (
				77ADA8C2C8A3DFCB48D4D8B8 /* Pods_totamoinstagram.framework */,
			);
			name = Frameworks;
			sourceTree = "<group>";
		};
/* End PBXGroup section */

/* Begin PBXNativeTarget section */
		4297D4131C8234060082525B /* totamoinstagram */ = {
			isa = PBXNativeTarget;
			buildConfigurationList = 4297D43C1C8234070082525B /* Build configuration list for PBXNativeTarget "totamoinstagram" */;
			buildPhases = (
				6DE2C06276EAA8A8941A6F65 /* Check Pods Manifest.lock */,
				4297D4101C8234060082525B /* Sources */,
				4297D4111C8234060082525B /* Frameworks */,
				4297D4121C8234060082525B /* Resources */,
				D3D2E2C4CC80E07D713BA23E /* Embed Pods Frameworks */,
				9059D9BCC8834AF64C79751A /* Copy Pods Resources */,
			);
			buildRules = (
			);
			dependencies = (
			);
			name = totamoinstagram;
			productName = totamoinstagram;
			productReference = 4297D4141C8234060082525B /* totamoinstagram.app */;
			productType = "com.apple.product-type.application";
		};
		4297D4271C8234070082525B /* totamoinstagramTests */ = {
			isa = PBXNativeTarget;
			buildConfigurationList = 4297D43F1C8234070082525B /* Build configuration list for PBXNativeTarget "totamoinstagramTests" */;
			buildPhases = (
				4297D4241C8234070082525B /* Sources */,
				4297D4251C8234070082525B /* Frameworks */,
				4297D4261C8234070082525B /* Resources */,
			);
			buildRules = (
			);
			dependencies = (
				4297D42A1C8234070082525B /* PBXTargetDependency */,
			);
			name = totamoinstagramTests;
			productName = totamoinstagramTests;
			productReference = 4297D4281C8234070082525B /* totamoinstagramTests.xctest */;
			productType = "com.apple.product-type.bundle.unit-test";
		};
		4297D4321C8234070082525B /* totamoinstagramUITests */ = {
			isa = PBXNativeTarget;
			buildConfigurationList = 4297D4421C8234070082525B /* Build configuration list for PBXNativeTarget "totamoinstagramUITests" */;
			buildPhases = (
				4297D42F1C8234070082525B /* Sources */,
				4297D4301C8234070082525B /* Frameworks */,
				4297D4311C8234070082525B /* Resources */,
			);
			buildRules = (
			);
			dependencies = (
				4297D4351C8234070082525B /* PBXTargetDependency */,
			);
			name = totamoinstagramUITests;
			productName = totamoinstagramUITests;
			productReference = 4297D4331C8234070082525B /* totamoinstagramUITests.xctest */;
			productType = "com.apple.product-type.bundle.ui-testing";
		};
/* End PBXNativeTarget section */

/* Begin PBXProject section */
		4297D40C1C8234060082525B /* Project object */ = {
			isa = PBXProject;
			attributes = {
				LastSwiftUpdateCheck = 0720;
				LastUpgradeCheck = 0720;
				ORGANIZATIONNAME = "Steve Buza";
				TargetAttributes = {
					4297D4131C8234060082525B = {
						CreatedOnToolsVersion = 7.2;
					};
					4297D4271C8234070082525B = {
						CreatedOnToolsVersion = 7.2;
						TestTargetID = 4297D4131C8234060082525B;
					};
					4297D4321C8234070082525B = {
						CreatedOnToolsVersion = 7.2;
						TestTargetID = 4297D4131C8234060082525B;
					};
				};
			};
			buildConfigurationList = 4297D40F1C8234060082525B /* Build configuration list for PBXProject "totamoinstagram" */;
			compatibilityVersion = "Xcode 3.2";
			developmentRegion = English;
			hasScannedForEncodings = 0;
			knownRegions = (
				en,
				Base,
			);
			mainGroup = 4297D40B1C8234060082525B;
			productRefGroup = 4297D4151C8234060082525B /* Products */;
			projectDirPath = "";
			projectRoot = "";
			targets = (
				4297D4131C8234060082525B /* totamoinstagram */,
				4297D4271C8234070082525B /* totamoinstagramTests */,
				4297D4321C8234070082525B /* totamoinstagramUITests */,
			);
		};
/* End PBXProject section */

/* Begin PBXResourcesBuildPhase section */
		4297D4121C8234060082525B /* Resources */ = {
			isa = PBXResourcesBuildPhase;
			buildActionMask = 2147483647;
			files = (
				4297D4221C8234060082525B /* LaunchScreen.storyboard in Resources */,
				4297D41F1C8234060082525B /* Assets.xcassets in Resources */,
				4297D41D1C8234060082525B /* Main.storyboard in Resources */,
			);
			runOnlyForDeploymentPostprocessing = 0;
		};
		4297D4261C8234070082525B /* Resources */ = {
			isa = PBXResourcesBuildPhase;
			buildActionMask = 2147483647;
			files = (
			);
			runOnlyForDeploymentPostprocessing = 0;
		};
		4297D4311C8234070082525B /* Resources */ = {
			isa = PBXResourcesBuildPhase;
			buildActionMask = 2147483647;
			files = (
			);
			runOnlyForDeploymentPostprocessing = 0;
		};
/* End PBXResourcesBuildPhase section */

/* Begin PBXShellScriptBuildPhase section */
		6DE2C06276EAA8A8941A6F65 /* Check Pods Manifest.lock */ = {
			isa = PBXShellScriptBuildPhase;
			buildActionMask = 2147483647;
			files = (
			);
			inputPaths = (
			);
			name = "Check Pods Manifest.lock";
			outputPaths = (
			);
			runOnlyForDeploymentPostprocessing = 0;
			shellPath = /bin/sh;
			shellScript = "diff \"${PODS_ROOT}/../Podfile.lock\" \"${PODS_ROOT}/Manifest.lock\" > /dev/null\nif [[ $? != 0 ]] ; then\n    cat << EOM\nerror: The sandbox is not in sync with the Podfile.lock. Run 'pod install' or update your CocoaPods installation.\nEOM\n    exit 1\nfi\n";
			showEnvVarsInLog = 0;
		};
		9059D9BCC8834AF64C79751A /* Copy Pods Resources */ = {
			isa = PBXShellScriptBuildPhase;
			buildActionMask = 2147483647;
			files = (
			);
			inputPaths = (
			);
			name = "Copy Pods Resources";
			outputPaths = (
			);
			runOnlyForDeploymentPostprocessing = 0;
			shellPath = /bin/sh;
			shellScript = "\"${SRCROOT}/Pods/Target Support Files/Pods-totamoinstagram/Pods-totamoinstagram-resources.sh\"\n";
			showEnvVarsInLog = 0;
		};
		D3D2E2C4CC80E07D713BA23E /* Embed Pods Frameworks */ = {
			isa = PBXShellScriptBuildPhase;
			buildActionMask = 2147483647;
			files = (
			);
			inputPaths = (
			);
			name = "Embed Pods Frameworks";
			outputPaths = (
			);
			runOnlyForDeploymentPostprocessing = 0;
			shellPath = /bin/sh;
			shellScript = "\"${SRCROOT}/Pods/Target Support Files/Pods-totamoinstagram/Pods-totamoinstagram-frameworks.sh\"\n";
			showEnvVarsInLog = 0;
		};
/* End PBXShellScriptBuildPhase section */

/* Begin PBXSourcesBuildPhase section */
		4297D4101C8234060082525B /* Sources */ = {
			isa = PBXSourcesBuildPhase;
			buildActionMask = 2147483647;
			files = (
				4297D44E1C82BEF80082525B /* PhotoCell.swift in Sources */,
				4297D4461C823ACA0082525B /* LoginViewController.swift in Sources */,
				4297D4501C83A8D10082525B /* AccountViewController.swift in Sources */,
				4297D4481C824EC20082525B /* CaptureViewController.swift in Sources */,
				4297D41A1C8234060082525B /* ViewController.swift in Sources */,
				4297D44A1C82AB400082525B /* UserMedia.swift in Sources */,
				4297D4181C8234060082525B /* AppDelegate.swift in Sources */,
				4297D44C1C82BC960082525B /* HomeViewController.swift in Sources */,
			);
			runOnlyForDeploymentPostprocessing = 0;
		};
		4297D4241C8234070082525B /* Sources */ = {
			isa = PBXSourcesBuildPhase;
			buildActionMask = 2147483647;
			files = (
				4297D42D1C8234070082525B /* totamoinstagramTests.swift in Sources */,
			);
			runOnlyForDeploymentPostprocessing = 0;
		};
		4297D42F1C8234070082525B /* Sources */ = {
			isa = PBXSourcesBuildPhase;
			buildActionMask = 2147483647;
			files = (
				4297D4381C8234070082525B /* totamoinstagramUITests.swift in Sources */,
			);
			runOnlyForDeploymentPostprocessing = 0;
		};
/* End PBXSourcesBuildPhase section */

/* Begin PBXTargetDependency section */
		4297D42A1C8234070082525B /* PBXTargetDependency */ = {
			isa = PBXTargetDependency;
			target = 4297D4131C8234060082525B /* totamoinstagram */;
			targetProxy = 4297D4291C8234070082525B /* PBXContainerItemProxy */;
		};
		4297D4351C8234070082525B /* PBXTargetDependency */ = {
			isa = PBXTargetDependency;
			target = 4297D4131C8234060082525B /* totamoinstagram */;
			targetProxy = 4297D4341C8234070082525B /* PBXContainerItemProxy */;
		};
/* End PBXTargetDependency section */

/* Begin PBXVariantGroup section */
		4297D41B1C8234060082525B /* Main.storyboard */ = {
			isa = PBXVariantGroup;
			children = (
				4297D41C1C8234060082525B /* Base */,
			);
			name = Main.storyboard;
			sourceTree = "<group>";
		};
		4297D4201C8234060082525B /* LaunchScreen.storyboard */ = {
			isa = PBXVariantGroup;
			children = (
				4297D4211C8234060082525B /* Base */,
			);
			name = LaunchScreen.storyboard;
			sourceTree = "<group>";
		};
/* End PBXVariantGroup section */

/* Begin XCBuildConfiguration section */
		4297D43A1C8234070082525B /* Debug */ = {
			isa = XCBuildConfiguration;
			buildSettings = {
				ALWAYS_SEARCH_USER_PATHS = NO;
				CLANG_CXX_LANGUAGE_STANDARD = "gnu++0x";
				CLANG_CXX_LIBRARY = "libc++";
				CLANG_ENABLE_MODULES = YES;
				CLANG_ENABLE_OBJC_ARC = YES;
				CLANG_WARN_BOOL_CONVERSION = YES;
				CLANG_WARN_CONSTANT_CONVERSION = YES;
				CLANG_WARN_DIRECT_OBJC_ISA_USAGE = YES_ERROR;
				CLANG_WARN_EMPTY_BODY = YES;
				CLANG_WARN_ENUM_CONVERSION = YES;
				CLANG_WARN_INT_CONVERSION = YES;
				CLANG_WARN_OBJC_ROOT_CLASS = YES_ERROR;
				CLANG_WARN_UNREACHABLE_CODE = YES;
				CLANG_WARN__DUPLICATE_METHOD_MATCH = YES;
				"CODE_SIGN_IDENTITY[sdk=iphoneos*]" = "iPhone Developer";
				COPY_PHASE_STRIP = NO;
				DEBUG_INFORMATION_FORMAT = dwarf;
				ENABLE_STRICT_OBJC_MSGSEND = YES;
				ENABLE_TESTABILITY = YES;
				GCC_C_LANGUAGE_STANDARD = gnu99;
				GCC_DYNAMIC_NO_PIC = NO;
				GCC_NO_COMMON_BLOCKS = YES;
				GCC_OPTIMIZATION_LEVEL = 0;
				GCC_PREPROCESSOR_DEFINITIONS = (
					"DEBUG=1",
					"$(inherited)",
				);
				GCC_WARN_64_TO_32_BIT_CONVERSION = YES;
				GCC_WARN_ABOUT_RETURN_TYPE = YES_ERROR;
				GCC_WARN_UNDECLARED_SELECTOR = YES;
				GCC_WARN_UNINITIALIZED_AUTOS = YES_AGGRESSIVE;
				GCC_WARN_UNUSED_FUNCTION = YES;
				GCC_WARN_UNUSED_VARIABLE = YES;
				IPHONEOS_DEPLOYMENT_TARGET = 9.2;
				MTL_ENABLE_DEBUG_INFO = YES;
				ONLY_ACTIVE_ARCH = YES;
				SDKROOT = iphoneos;
				SWIFT_OPTIMIZATION_LEVEL = "-Onone";
				TARGETED_DEVICE_FAMILY = "1,2";
			};
			name = Debug;
		};
		4297D43B1C8234070082525B /* Release */ = {
			isa = XCBuildConfiguration;
			buildSettings = {
				ALWAYS_SEARCH_USER_PATHS = NO;
				CLANG_CXX_LANGUAGE_STANDARD = "gnu++0x";
				CLANG_CXX_LIBRARY = "libc++";
				CLANG_ENABLE_MODULES = YES;
				CLANG_ENABLE_OBJC_ARC = YES;
				CLANG_WARN_BOOL_CONVERSION = YES;
				CLANG_WARN_CONSTANT_CONVERSION = YES;
				CLANG_WARN_DIRECT_OBJC_ISA_USAGE = YES_ERROR;
				CLANG_WARN_EMPTY_BODY = YES;
				CLANG_WARN_ENUM_CONVERSION = YES;
				CLANG_WARN_INT_CONVERSION = YES;
				CLANG_WARN_OBJC_ROOT_CLASS = YES_ERROR;
				CLANG_WARN_UNREACHABLE_CODE = YES;
				CLANG_WARN__DUPLICATE_METHOD_MATCH = YES;
				"CODE_SIGN_IDENTITY[sdk=iphoneos*]" = "iPhone Developer";
				COPY_PHASE_STRIP = NO;
				DEBUG_INFORMATION_FORMAT = "dwarf-with-dsym";
				ENABLE_NS_ASSERTIONS = NO;
				ENABLE_STRICT_OBJC_MSGSEND = YES;
				GCC_C_LANGUAGE_STANDARD = gnu99;
				GCC_NO_COMMON_BLOCKS = YES;
				GCC_WARN_64_TO_32_BIT_CONVERSION = YES;
				GCC_WARN_ABOUT_RETURN_TYPE = YES_ERROR;
				GCC_WARN_UNDECLARED_SELECTOR = YES;
				GCC_WARN_UNINITIALIZED_AUTOS = YES_AGGRESSIVE;
				GCC_WARN_UNUSED_FUNCTION = YES;
				GCC_WARN_UNUSED_VARIABLE = YES;
				IPHONEOS_DEPLOYMENT_TARGET = 9.2;
				MTL_ENABLE_DEBUG_INFO = NO;
				SDKROOT = iphoneos;
				TARGETED_DEVICE_FAMILY = "1,2";
				VALIDATE_PRODUCT = YES;
			};
			name = Release;
		};
		4297D43D1C8234070082525B /* Debug */ = {
			isa = XCBuildConfiguration;
			baseConfigurationReference = 064ACA0203D200F40EB594E6 /* Pods-totamoinstagram.debug.xcconfig */;
			buildSettings = {
				ASSETCATALOG_COMPILER_APPICON_NAME = AppIcon;
				INFOPLIST_FILE = totamoinstagram/Info.plist;
				LD_RUNPATH_SEARCH_PATHS = "$(inherited) @executable_path/Frameworks";
				PRODUCT_BUNDLE_IDENTIFIER = com.totamo.totamoinstagram;
				PRODUCT_NAME = "$(TARGET_NAME)";
			};
			name = Debug;
		};
		4297D43E1C8234070082525B /* Release */ = {
			isa = XCBuildConfiguration;
			baseConfigurationReference = 17658845A852B654A08A1829 /* Pods-totamoinstagram.release.xcconfig */;
			buildSettings = {
				ASSETCATALOG_COMPILER_APPICON_NAME = AppIcon;
				INFOPLIST_FILE = totamoinstagram/Info.plist;
				LD_RUNPATH_SEARCH_PATHS = "$(inherited) @executable_path/Frameworks";
				PRODUCT_BUNDLE_IDENTIFIER = com.totamo.totamoinstagram;
				PRODUCT_NAME = "$(TARGET_NAME)";
			};
			name = Release;
		};
		4297D4401C8234070082525B /* Debug */ = {
			isa = XCBuildConfiguration;
			buildSettings = {
				BUNDLE_LOADER = "$(TEST_HOST)";
				INFOPLIST_FILE = totamoinstagramTests/Info.plist;
				LD_RUNPATH_SEARCH_PATHS = "$(inherited) @executable_path/Frameworks @loader_path/Frameworks";
				PRODUCT_BUNDLE_IDENTIFIER = com.totamo.totamoinstagramTests;
				PRODUCT_NAME = "$(TARGET_NAME)";
				TEST_HOST = "$(BUILT_PRODUCTS_DIR)/totamoinstagram.app/totamoinstagram";
			};
			name = Debug;
		};
		4297D4411C8234070082525B /* Release */ = {
			isa = XCBuildConfiguration;
			buildSettings = {
				BUNDLE_LOADER = "$(TEST_HOST)";
				INFOPLIST_FILE = totamoinstagramTests/Info.plist;
				LD_RUNPATH_SEARCH_PATHS = "$(inherited) @executable_path/Frameworks @loader_path/Frameworks";
				PRODUCT_BUNDLE_IDENTIFIER = com.totamo.totamoinstagramTests;
				PRODUCT_NAME = "$(TARGET_NAME)";
				TEST_HOST = "$(BUILT_PRODUCTS_DIR)/totamoinstagram.app/totamoinstagram";
			};
			name = Release;
		};
		4297D4431C8234070082525B /* Debug */ = {
			isa = XCBuildConfiguration;
			buildSettings = {
				INFOPLIST_FILE = totamoinstagramUITests/Info.plist;
				LD_RUNPATH_SEARCH_PATHS = "$(inherited) @executable_path/Frameworks @loader_path/Frameworks";
				PRODUCT_BUNDLE_IDENTIFIER = com.totamo.totamoinstagramUITests;
				PRODUCT_NAME = "$(TARGET_NAME)";
				TEST_TARGET_NAME = totamoinstagram;
				USES_XCTRUNNER = YES;
			};
			name = Debug;
		};
		4297D4441C8234070082525B /* Release */ = {
			isa = XCBuildConfiguration;
			buildSettings = {
				INFOPLIST_FILE = totamoinstagramUITests/Info.plist;
				LD_RUNPATH_SEARCH_PATHS = "$(inherited) @executable_path/Frameworks @loader_path/Frameworks";
				PRODUCT_BUNDLE_IDENTIFIER = com.totamo.totamoinstagramUITests;
				PRODUCT_NAME = "$(TARGET_NAME)";
				TEST_TARGET_NAME = totamoinstagram;
				USES_XCTRUNNER = YES;
			};
			name = Release;
		};
/* End XCBuildConfiguration section */

/* Begin XCConfigurationList section */
		4297D40F1C8234060082525B /* Build configuration list for PBXProject "totamoinstagram" */ = {
			isa = XCConfigurationList;
			buildConfigurations = (
				4297D43A1C8234070082525B /* Debug */,
				4297D43B1C8234070082525B /* Release */,
			);
			defaultConfigurationIsVisible = 0;
			defaultConfigurationName = Release;
		};
		4297D43C1C8234070082525B /* Build configuration list for PBXNativeTarget "totamoinstagram" */ = {
			isa = XCConfigurationList;
			buildConfigurations = (
				4297D43D1C8234070082525B /* Debug */,
				4297D43E1C8234070082525B /* Release */,
			);
			defaultConfigurationIsVisible = 0;
			defaultConfigurationName = Release;
		};
		4297D43F1C8234070082525B /* Build configuration list for PBXNativeTarget "totamoinstagramTests" */ = {
			isa = XCConfigurationList;
			buildConfigurations = (
				4297D4401C8234070082525B /* Debug */,
				4297D4411C8234070082525B /* Release */,
			);
			defaultConfigurationIsVisible = 0;
			defaultConfigurationName = Release;
		};
		4297D4421C8234070082525B /* Build configuration list for PBXNativeTarget "totamoinstagramUITests" */ = {
			isa = XCConfigurationList;
			buildConfigurations = (
				4297D4431C8234070082525B /* Debug */,
				4297D4441C8234070082525B /* Release */,
			);
			defaultConfigurationIsVisible = 0;
			defaultConfigurationName = Release;
		};
/* End XCConfigurationList section */
	};
	rootObject = 4297D40C1C8234060082525B /* Project object */;
}
